
Microsoft Visual Studio Solution File, Format Version 12.00
# Visual Studio 2012
Project("{FAE04EC0-301F-11D3-BF4B-00C04F79EFBC}") = "Player", "Player\Player.csproj", "{10626973-E6B3-49DF-B64B-595150B8804D}"
EndProject
Project("{FAE04EC0-301F-11D3-BF4B-00C04F79EFBC}") = "Computer", "ComputerRandom\Computer.csproj", "{28E8A2F0-DF63-4024-AE69-4C5DE0D2CF91}"
EndProject
Project("{FAE04EC0-301F-11D3-BF4B-00C04F79EFBC}") = "Dealer", "Dealer\Dealer.csproj", "{B4A4B0CF-34E7-4E07-A397-D68EF2792A9C}"
EndProject
Project("{FAE04EC0-301F-11D3-BF4B-00C04F79EFBC}") = "Console", "Console\Console.csproj", "{613E6F85-7301-4B24-8464-6D1D1F516482}"
EndProject
Project("{FAE04EC0-301F-11D3-BF4B-00C04F79EFBC}") = "Structures", "Structures\Structures.csproj", "{0C0838BE-0507-4032-8D35-4242AC1B23F2}"
EndProject
Global
	GlobalSection(SolutionConfigurationPlatforms) = preSolution
		Debug|Any CPU = Debug|Any CPU
		Debug|Mixed Platforms = Debug|Mixed Platforms
		Debug|Win32 = Debug|Win32
		Release|Any CPU = Release|Any CPU
		Release|Mixed Platforms = Release|Mixed Platforms
		Release|Win32 = Release|Win32
	EndGlobalSection
	GlobalSection(ProjectConfigurationPlatforms) = postSolution
		{10626973-E6B3-49DF-B64B-595150B8804D}.Debug|Any CPU.ActiveCfg = Debug|Any CPU
		{10626973-E6B3-49DF-B64B-595150B8804D}.Debug|Any CPU.Build.0 = Debug|Any CPU
		{10626973-E6B3-49DF-B64B-595150B8804D}.Debug|Mixed Platforms.ActiveCfg = Debug|Any CPU
		{10626973-E6B3-49DF-B64B-595150B8804D}.Debug|Mixed Platforms.Build.0 = Debug|Any CPU
		{10626973-E6B3-49DF-B64B-595150B8804D}.Debug|Win32.ActiveCfg = Debug|Any CPU
		{10626973-E6B3-49DF-B64B-595150B8804D}.Release|Any CPU.ActiveCfg = Release|Any CPU
		{10626973-E6B3-49DF-B64B-595150B8804D}.Release|Any CPU.Build.0 = Release|Any CPU
		{10626973-E6B3-49DF-B64B-595150B8804D}.Release|Mixed Platforms.ActiveCfg = Release|Any CPU
		{10626973-E6B3-49DF-B64B-595150B8804D}.Release|Mixed Platforms.Build.0 = Release|Any CPU
		{10626973-E6B3-49DF-B64B-595150B8804D}.Release|Win32.ActiveCfg = Release|Any CPU
		{28E8A2F0-DF63-4024-AE69-4C5DE0D2CF91}.Debug|Any CPU.ActiveCfg = Debug|Any CPU
		{28E8A2F0-DF63-4024-AE69-4C5DE0D2CF91}.Debug|Any CPU.Build.0 = Debug|Any CPU
		{28E8A2F0-DF63-4024-AE69-4C5DE0D2CF91}.Debug|Mixed Platforms.ActiveCfg = Debug|Any CPU
		{28E8A2F0-DF63-4024-AE69-4C5DE0D2CF91}.Debug|Mixed Platforms.Build.0 = Debug|Any CPU
		{28E8A2F0-DF63-4024-AE69-4C5DE0D2CF91}.Debug|Win32.ActiveCfg = Debug|Any CPU
		{28E8A2F0-DF63-4024-AE69-4C5DE0D2CF91}.Release|Any CPU.ActiveCfg = Release|Any CPU
		{28E8A2F0-DF63-4024-AE69-4C5DE0D2CF91}.Release|Any CPU.Build.0 = Release|Any CPU
		{28E8A2F0-DF63-4024-AE69-4C5DE0D2CF91}.Release|Mixed Platforms.ActiveCfg = Release|Any CPU
		{28E8A2F0-DF63-4024-AE69-4C5DE0D2CF91}.Release|Mixed Platforms.Build.0 = Release|Any CPU
		{28E8A2F0-DF63-4024-AE69-4C5DE0D2CF91}.Release|Win32.ActiveCfg = Release|Any CPU
		{B4A4B0CF-34E7-4E07-A397-D68EF2792A9C}.Debug|Any CPU.ActiveCfg = Debug|Any CPU
		{B4A4B0CF-34E7-4E07-A397-D68EF2792A9C}.Debug|Any CPU.Build.0 = Debug|Any CPU
		{B4A4B0CF-34E7-4E07-A397-D68EF2792A9C}.Debug|Mixed Platforms.ActiveCfg = Debug|Any CPU
		{B4A4B0CF-34E7-4E07-A397-D68EF2792A9C}.Debug|Mixed Platforms.Build.0 = Debug|Any CPU
		{B4A4B0CF-34E7-4E07-A397-D68EF2792A9C}.Debug|Win32.ActiveCfg = Debug|Any CPU
		{B4A4B0CF-34E7-4E07-A397-D68EF2792A9C}.Release|Any CPU.ActiveCfg = Release|Any CPU
		{B4A4B0CF-34E7-4E07-A397-D68EF2792A9C}.Release|Any CPU.Build.0 = Release|Any CPU
		{B4A4B0CF-34E7-4E07-A397-D68EF2792A9C}.Release|Mixed Platforms.ActiveCfg = Release|Any CPU
		{B4A4B0CF-34E7-4E07-A397-D68EF2792A9C}.Release|Mixed Platforms.Build.0 = Release|Any CPU
		{B4A4B0CF-34E7-4E07-A397-D68EF2792A9C}.Release|Win32.ActiveCfg = Release|Any CPU
		{613E6F85-7301-4B24-8464-6D1D1F516482}.Debug|Any CPU.ActiveCfg = Debug|Any CPU
		{613E6F85-7301-4B24-8464-6D1D1F516482}.Debug|Any CPU.Build.0 = Debug|Any CPU
		{613E6F85-7301-4B24-8464-6D1D1F516482}.Debug|Mixed Platforms.ActiveCfg = Debug|Any CPU
		{613E6F85-7301-4B24-8464-6D1D1F516482}.Debug|Mixed Platforms.Build.0 = Debug|Any CPU
		{613E6F85-7301-4B24-8464-6D1D1F516482}.Debug|Win32.ActiveCfg = Debug|Any CPU
		{613E6F85-7301-4B24-8464-6D1D1F516482}.Release|Any CPU.ActiveCfg = Release|Any CPU
		{613E6F85-7301-4B24-8464-6D1D1F516482}.Release|Any CPU.Build.0 = Release|Any CPU
		{613E6F85-7301-4B24-8464-6D1D1F516482}.Release|Mixed Platforms.ActiveCfg = Release|Any CPU
		{613E6F85-7301-4B24-8464-6D1D1F516482}.Release|Mixed Platforms.Build.0 = Release|Any CPU
		{613E6F85-7301-4B24-8464-6D1D1F516482}.Release|Win32.ActiveCfg = Release|Any CPU
		{0C0838BE-0507-4032-8D35-4242AC1B23F2}.Debug|Any CPU.ActiveCfg = Debug|Any CPU
		{0C0838BE-0507-4032-8D35-4242AC1B23F2}.Debug|Any CPU.Build.0 = Debug|Any CPU
		{0C0838BE-0507-4032-8D35-4242AC1B23F2}.Debug|Mixed Platforms.ActiveCfg = Debug|Any CPU
		{0C0838BE-0507-4032-8D35-4242AC1B23F2}.Debug|Mixed Platforms.Build.0 = Debug|Any CPU
		{0C0838BE-0507-4032-8D35-4242AC1B23F2}.Debug|Win32.ActiveCfg = Debug|Any CPU
		{0C0838BE-0507-4032-8D35-4242AC1B23F2}.Release|Any CPU.ActiveCfg = Release|Any CPU
		{0C0838BE-0507-4032-8D35-4242AC1B23F2}.Release|Any CPU.Build.0 = Release|Any CPU
		{0C0838BE-0507-4032-8D35-4242AC1B23F2}.Release|Mixed Platforms.ActiveCfg = Release|Any CPU
		{0C0838BE-0507-4032-8D35-4242AC1B23F2}.Release|Mixed Platforms.Build.0 = Release|Any CPU
		{0C0838BE-0507-4032-8D35-4242AC1B23F2}.Release|Win32.ActiveCfg = Release|Any CPU
	EndGlobalSection
	GlobalSection(SolutionProperties) = preSolution
		HideSolutionNode = FALSE
	EndGlobalSection
EndGlobal
